[[package]]
name = "certifi"
version = "2020.12.5"
description = "Python package for providing Mozilla's CA Bundle."
category = "main"
optional = false
python-versions = "*"

[[package]]
name = "chardet"
version = "4.0.0"
description = "Universal encoding detector for Python 2 and 3"
category = "main"
optional = false
python-versions = ">=2.7, !=3.0.*, !=3.1.*, !=3.2.*, !=3.3.*, !=3.4.*"

[[package]]
name = "click"
version = "7.1.2"
description = "Composable command line interface toolkit"
category = "main"
optional = false
python-versions = ">=2.7, !=3.0.*, !=3.1.*, !=3.2.*, !=3.3.*, !=3.4.*"

[[package]]
name = "filelock"
version = "3.0.12"
description = "A platform independent file lock."
category = "main"
optional = false
python-versions = "*"

[[package]]
name = "idna"
version = "2.10"
description = "Internationalized Domain Names in Applications (IDNA)"
category = "main"
optional = false
python-versions = ">=2.7, !=3.0.*, !=3.1.*, !=3.2.*, !=3.3.*"

[[package]]
name = "importlib-metadata"
version = "3.7.3"
description = "Read metadata from Python packages"
category = "main"
optional = false
python-versions = ">=3.6"

[package.dependencies]
typing-extensions = {version = ">=3.6.4", markers = "python_version < \"3.8\""}
zipp = ">=0.5"

[package.extras]
docs = ["sphinx", "jaraco.packaging (>=8.2)", "rst.linker (>=1.9)"]
testing = ["pytest (>=3.5,!=3.7.3)", "pytest-checkdocs (>=1.2.3)", "pytest-flake8", "pytest-cov", "pytest-enabler", "packaging", "pep517", "pyfakefs", "flufl.flake8", "pytest-black (>=0.3.7)", "pytest-mypy", "importlib-resources (>=1.3)"]

[[package]]
name = "joblib"
version = "1.0.1"
description = "Lightweight pipelining with Python functions"
category = "main"
optional = false
python-versions = ">=3.6"

[[package]]
name = "numpy"
version = "1.20.1"
description = "NumPy is the fundamental package for array computing with Python."
category = "main"
optional = false
python-versions = ">=3.7"

[[package]]
name = "packaging"
version = "20.9"
description = "Core utilities for Python packages"
category = "main"
optional = false
python-versions = ">=2.7, !=3.0.*, !=3.1.*, !=3.2.*, !=3.3.*"

[package.dependencies]
pyparsing = ">=2.0.2"

[[package]]
name = "pyparsing"
version = "2.4.7"
description = "Python parsing module"
category = "main"
optional = false
python-versions = ">=2.6, !=3.0.*, !=3.1.*, !=3.2.*"

[[package]]
name = "regex"
version = "2021.3.17"
description = "Alternative regular expression module, to replace re."
category = "main"
optional = false
python-versions = "*"

[[package]]
name = "requests"
version = "2.25.1"
description = "Python HTTP for Humans."
category = "main"
optional = false
python-versions = ">=2.7, !=3.0.*, !=3.1.*, !=3.2.*, !=3.3.*, !=3.4.*"

[package.dependencies]
certifi = ">=2017.4.17"
chardet = ">=3.0.2,<5"
idna = ">=2.5,<3"
urllib3 = ">=1.21.1,<1.27"

[package.extras]
security = ["pyOpenSSL (>=0.14)", "cryptography (>=1.3.4)"]
socks = ["PySocks (>=1.5.6,!=1.5.7)", "win-inet-pton"]

[[package]]
name = "sacremoses"
version = "0.0.43"
description = "SacreMoses"
category = "main"
optional = false
python-versions = "*"

[package.dependencies]
click = "*"
joblib = "*"
regex = "*"
six = "*"
tqdm = "*"

[[package]]
name = "six"
version = "1.15.0"
description = "Python 2 and 3 compatibility utilities"
category = "main"
optional = false
python-versions = ">=2.7, !=3.0.*, !=3.1.*, !=3.2.*"

[[package]]
name = "tokenizers"
version = "0.10.1"
description = "Fast and Customizable Tokenizers"
category = "main"
optional = false
python-versions = "*"

[package.extras]
testing = ["pytest"]

[[package]]
name = "torch"
version = "1.8.0"
description = "Tensors and Dynamic neural networks in Python with strong GPU acceleration"
category = "main"
optional = false
python-versions = ">=3.6.2"

[package.dependencies]
numpy = "*"
typing-extensions = "*"

[[package]]
name = "tqdm"
version = "4.59.0"
description = "Fast, Extensible Progress Meter"
category = "main"
optional = false
python-versions = "!=3.0.*,!=3.1.*,!=3.2.*,!=3.3.*,>=2.7"

[package.extras]
dev = ["py-make (>=0.1.0)", "twine", "wheel"]
notebook = ["ipywidgets (>=6)"]
telegram = ["requests"]

[[package]]
name = "transformers"
version = "4.4.1"
description = "State-of-the-art Natural Language Processing for TensorFlow 2.0 and PyTorch"
category = "main"
optional = false
python-versions = ">=3.6.0"

[package.dependencies]
filelock = "*"
importlib-metadata = {version = "*", markers = "python_version < \"3.8\""}
numpy = ">=1.17"
packaging = "*"
regex = "!=2019.12.17"
requests = "*"
sacremoses = "*"
tokenizers = ">=0.10.1,<0.11"
tqdm = ">=4.27"

[package.extras]
all = ["tensorflow (>=2.3)", "onnxconverter-common", "keras2onnx", "torch (>=1.0)", "jax (>=0.2.8)", "jaxlib (>=0.1.59)", "flax (>=0.3.2)", "sentencepiece (==0.1.91)", "protobuf", "tokenizers (>=0.10.1,<0.11)"]
dev = ["tensorflow (>=2.3)", "onnxconverter-common", "keras2onnx", "torch (>=1.0)", "jax (>=0.2.8)", "jaxlib (>=0.1.59)", "flax (>=0.3.2)", "sentencepiece (==0.1.91)", "protobuf", "tokenizers (>=0.10.1,<0.11)", "pytest", "pytest-xdist", "timeout-decorator", "parameterized", "psutil", "datasets", "pytest-sugar", "faiss-cpu", "cookiecutter (==1.7.2)", "black (>=20.8b1)", "isort (>=5.5.4)", "flake8 (>=3.8.3)", "fugashi (>=1.0)", "ipadic (>=1.0.0,<2.0)", "unidic-lite (>=1.0.7)", "unidic (>=1.0.2)", "recommonmark", "sphinx (==3.2.1)", "sphinx-markdown-tables", "sphinx-rtd-theme (==0.4.3)", "sphinx-copybutton", "scikit-learn"]
docs = ["recommonmark", "sphinx (==3.2.1)", "sphinx-markdown-tables", "sphinx-rtd-theme (==0.4.3)", "sphinx-copybutton"]
flax = ["jax (>=0.2.8)", "jaxlib (>=0.1.59)", "flax (>=0.3.2)"]
ja = ["fugashi (>=1.0)", "ipadic (>=1.0.0,<2.0)", "unidic-lite (>=1.0.7)", "unidic (>=1.0.2)"]
modelcreation = ["cookiecutter (==1.7.2)"]
onnx = ["onnxconverter-common", "keras2onnx", "onnxruntime (>=1.4.0)", "onnxruntime-tools (>=1.4.2)"]
onnxruntime = ["onnxruntime (>=1.4.0)", "onnxruntime-tools (>=1.4.2)"]
quality = ["black (>=20.8b1)", "isort (>=5.5.4)", "flake8 (>=3.8.3)"]
retrieval = ["faiss-cpu", "datasets"]
sentencepiece = ["sentencepiece (==0.1.91)", "protobuf"]
serving = ["pydantic", "uvicorn", "fastapi", "starlette"]
sklearn = ["scikit-learn"]
speech = ["soundfile", "torchaudio"]
testing = ["pytest", "pytest-xdist", "timeout-decorator", "parameterized", "psutil", "datasets", "pytest-sugar", "faiss-cpu", "cookiecutter (==1.7.2)"]
tf = ["tensorflow (>=2.3)", "onnxconverter-common", "keras2onnx"]
tf-cpu = ["tensorflow-cpu (>=2.3)", "onnxconverter-common", "keras2onnx"]
tokenizers = ["tokenizers (>=0.10.1,<0.11)"]
torch = ["torch (>=1.0)"]
torchhub = ["filelock", "importlib-metadata", "numpy (>=1.17)", "packaging", "protobuf", "regex (!=2019.12.17)", "requests", "sacremoses", "sentencepiece (==0.1.91)", "torch (>=1.0)", "tokenizers (>=0.10.1,<0.11)", "tqdm (>=4.27)"]

[[package]]
name = "typing-extensions"
version = "3.7.4.3"
description = "Backported and Experimental Type Hints for Python 3.5+"
category = "main"
optional = false
python-versions = "*"

[[package]]
name = "urllib3"
version = "1.22"
description = "HTTP library with thread-safe connection pooling, file post, and more."
category = "main"
optional = false
python-versions = "*"

[package.extras]
secure = ["pyOpenSSL (>=0.14)", "cryptography (>=1.3.4)", "idna (>=2.0.0)", "certifi", "ipaddress"]
socks = ["PySocks (>=1.5.6,!=1.5.7,<2.0)"]

[[package]]
name = "zipp"
version = "3.4.1"
description = "Backport of pathlib-compatible object wrapper for zip files"
category = "main"
optional = false
python-versions = ">=3.6"

[package.extras]
docs = ["sphinx", "jaraco.packaging (>=8.2)", "rst.linker (>=1.9)"]
testing = ["pytest (>=4.6)", "pytest-checkdocs (>=1.2.3)", "pytest-flake8", "pytest-cov", "pytest-enabler", "jaraco.itertools", "func-timeout", "pytest-black (>=0.3.7)", "pytest-mypy"]

[metadata]
lock-version = "1.1"
python-versions = ">=3.7"
content-hash = "bce20377a38d9dcb91c73a19894bf3f4ca271bf5d1bdb011547c824e9828d219"

[metadata.files]
certifi = [
    {file = "certifi-2020.12.5-py2.py3-none-any.whl", hash = "sha256:719a74fb9e33b9bd44cc7f3a8d94bc35e4049deebe19ba7d8e108280cfd59830"},
    {file = "certifi-2020.12.5.tar.gz", hash = "sha256:1a4995114262bffbc2413b159f2a1a480c969de6e6eb13ee966d470af86af59c"},
]
chardet = [
    {file = "chardet-4.0.0-py2.py3-none-any.whl", hash = "sha256:f864054d66fd9118f2e67044ac8981a54775ec5b67aed0441892edb553d21da5"},
    {file = "chardet-4.0.0.tar.gz", hash = "sha256:0d6f53a15db4120f2b08c94f11e7d93d2c911ee118b6b30a04ec3ee8310179fa"},
]
click = [
    {file = "click-7.1.2-py2.py3-none-any.whl", hash = "sha256:dacca89f4bfadd5de3d7489b7c8a566eee0d3676333fbb50030263894c38c0dc"},
    {file = "click-7.1.2.tar.gz", hash = "sha256:d2b5255c7c6349bc1bd1e59e08cd12acbbd63ce649f2588755783aa94dfb6b1a"},
]
filelock = [
    {file = "filelock-3.0.12-py3-none-any.whl", hash = "sha256:929b7d63ec5b7d6b71b0fa5ac14e030b3f70b75747cef1b10da9b879fef15836"},
    {file = "filelock-3.0.12.tar.gz", hash = "sha256:18d82244ee114f543149c66a6e0c14e9c4f8a1044b5cdaadd0f82159d6a6ff59"},
]
idna = [
    {file = "idna-2.10-py2.py3-none-any.whl", hash = "sha256:b97d804b1e9b523befed77c48dacec60e6dcb0b5391d57af6a65a312a90648c0"},
    {file = "idna-2.10.tar.gz", hash = "sha256:b307872f855b18632ce0c21c5e45be78c0ea7ae4c15c828c20788b26921eb3f6"},
]
importlib-metadata = [
    {file = "importlib_metadata-3.7.3-py3-none-any.whl", hash = "sha256:b74159469b464a99cb8cc3e21973e4d96e05d3024d337313fedb618a6e86e6f4"},
    {file = "importlib_metadata-3.7.3.tar.gz", hash = "sha256:742add720a20d0467df2f444ae41704000f50e1234f46174b51f9c6031a1bd71"},
]
joblib = [
    {file = "joblib-1.0.1-py3-none-any.whl", hash = "sha256:feeb1ec69c4d45129954f1b7034954241eedfd6ba39b5e9e4b6883be3332d5e5"},
    {file = "joblib-1.0.1.tar.gz", hash = "sha256:9c17567692206d2f3fb9ecf5e991084254fe631665c450b443761c4186a613f7"},
]
numpy = [
    {file = "numpy-1.20.1-cp37-cp37m-macosx_10_9_x86_64.whl", hash = "sha256:ae61f02b84a0211abb56462a3b6cd1e7ec39d466d3160eb4e1da8bf6717cdbeb"},
    {file = "numpy-1.20.1-cp37-cp37m-manylinux1_i686.whl", hash = "sha256:65410c7f4398a0047eea5cca9b74009ea61178efd78d1be9847fac1d6716ec1e"},
    {file = "numpy-1.20.1-cp37-cp37m-manylinux1_x86_64.whl", hash = "sha256:2d7e27442599104ee08f4faed56bb87c55f8b10a5494ac2ead5c98a4b289e61f"},
    {file = "numpy-1.20.1-cp37-cp37m-manylinux2010_i686.whl", hash = "sha256:4ed8e96dc146e12c1c5cdd6fb9fd0757f2ba66048bf94c5126b7efebd12d0090"},
    {file = "numpy-1.20.1-cp37-cp37m-manylinux2010_x86_64.whl", hash = "sha256:ecb5b74c702358cdc21268ff4c37f7466357871f53a30e6f84c686952bef16a9"},
    {file = "numpy-1.20.1-cp37-cp37m-manylinux2014_aarch64.whl", hash = "sha256:b9410c0b6fed4a22554f072a86c361e417f0258838957b78bd063bde2c7f841f"},
    {file = "numpy-1.20.1-cp37-cp37m-win32.whl", hash = "sha256:3d3087e24e354c18fb35c454026af3ed8997cfd4997765266897c68d724e4845"},
    {file = "numpy-1.20.1-cp37-cp37m-win_amd64.whl", hash = "sha256:89f937b13b8dd17b0099c7c2e22066883c86ca1575a975f754babc8fbf8d69a9"},
    {file = "numpy-1.20.1-cp38-cp38-macosx_10_9_x86_64.whl", hash = "sha256:a1d7995d1023335e67fb070b2fae6f5968f5be3802b15ad6d79d81ecaa014fe0"},
    {file = "numpy-1.20.1-cp38-cp38-manylinux1_i686.whl", hash = "sha256:60759ab15c94dd0e1ed88241fd4fa3312db4e91d2c8f5a2d4cf3863fad83d65b"},
    {file = "numpy-1.20.1-cp38-cp38-manylinux1_x86_64.whl", hash = "sha256:125a0e10ddd99a874fd357bfa1b636cd58deb78ba4a30b5ddb09f645c3512e04"},
    {file = "numpy-1.20.1-cp38-cp38-manylinux2010_i686.whl", hash = "sha256:c26287dfc888cf1e65181f39ea75e11f42ffc4f4529e5bd19add57ad458996e2"},
    {file = "numpy-1.20.1-cp38-cp38-manylinux2010_x86_64.whl", hash = "sha256:7199109fa46277be503393be9250b983f325880766f847885607d9b13848f257"},
    {file = "numpy-1.20.1-cp38-cp38-manylinux2014_aarch64.whl", hash = "sha256:72251e43ac426ff98ea802a931922c79b8d7596480300eb9f1b1e45e0543571e"},
    {file = "numpy-1.20.1-cp38-cp38-win32.whl", hash = "sha256:c91ec9569facd4757ade0888371eced2ecf49e7982ce5634cc2cf4e7331a4b14"},
    {file = "numpy-1.20.1-cp38-cp38-win_amd64.whl", hash = "sha256:13adf545732bb23a796914fe5f891a12bd74cf3d2986eed7b7eba2941eea1590"},
    {file = "numpy-1.20.1-cp39-cp39-macosx_10_9_x86_64.whl", hash = "sha256:104f5e90b143dbf298361a99ac1af4cf59131218a045ebf4ee5990b83cff5fab"},
    {file = "numpy-1.20.1-cp39-cp39-manylinux2010_i686.whl", hash = "sha256:89e5336f2bec0c726ac7e7cdae181b325a9c0ee24e604704ed830d241c5e47ff"},
    {file = "numpy-1.20.1-cp39-cp39-manylinux2010_x86_64.whl", hash = "sha256:032be656d89bbf786d743fee11d01ef318b0781281241997558fa7950028dd29"},
    {file = "numpy-1.20.1-cp39-cp39-manylinux2014_aarch64.whl", hash = "sha256:66b467adfcf628f66ea4ac6430ded0614f5cc06ba530d09571ea404789064adc"},
    {file = "numpy-1.20.1-cp39-cp39-win32.whl", hash = "sha256:12e4ba5c6420917571f1a5becc9338abbde71dd811ce40b37ba62dec7b39af6d"},
    {file = "numpy-1.20.1-cp39-cp39-win_amd64.whl", hash = "sha256:9c94cab5054bad82a70b2e77741271790304651d584e2cdfe2041488e753863b"},
    {file = "numpy-1.20.1-pp37-pypy37_pp73-manylinux2010_x86_64.whl", hash = "sha256:9eb551d122fadca7774b97db8a112b77231dcccda8e91a5bc99e79890797175e"},
    {file = "numpy-1.20.1.zip", hash = "sha256:3bc63486a870294683980d76ec1e3efc786295ae00128f9ea38e2c6e74d5a60a"},
]
packaging = [
    {file = "packaging-20.9-py2.py3-none-any.whl", hash = "sha256:67714da7f7bc052e064859c05c595155bd1ee9f69f76557e21f051443c20947a"},
    {file = "packaging-20.9.tar.gz", hash = "sha256:5b327ac1320dc863dca72f4514ecc086f31186744b84a230374cc1fd776feae5"},
]
pyparsing = [
    {file = "pyparsing-2.4.7-py2.py3-none-any.whl", hash = "sha256:ef9d7589ef3c200abe66653d3f1ab1033c3c419ae9b9bdb1240a85b024efc88b"},
    {file = "pyparsing-2.4.7.tar.gz", hash = "sha256:c203ec8783bf771a155b207279b9bccb8dea02d8f0c9e5f8ead507bc3246ecc1"},
]
regex = [
    {file = "regex-2021.3.17-cp36-cp36m-macosx_10_9_x86_64.whl", hash = "sha256:b97ec5d299c10d96617cc851b2e0f81ba5d9d6248413cd374ef7f3a8871ee4a6"},
    {file = "regex-2021.3.17-cp36-cp36m-manylinux1_i686.whl", hash = "sha256:cb4ee827857a5ad9b8ae34d3c8cc51151cb4a3fe082c12ec20ec73e63cc7c6f0"},
    {file = "regex-2021.3.17-cp36-cp36m-manylinux1_x86_64.whl", hash = "sha256:633497504e2a485a70a3268d4fc403fe3063a50a50eed1039083e9471ad0101c"},
    {file = "regex-2021.3.17-cp36-cp36m-manylinux2010_i686.whl", hash = "sha256:a59a2ee329b3de764b21495d78c92ab00b4ea79acef0f7ae8c1067f773570afa"},
    {file = "regex-2021.3.17-cp36-cp36m-manylinux2010_x86_64.whl", hash = "sha256:f85d6f41e34f6a2d1607e312820971872944f1661a73d33e1e82d35ea3305e14"},
    {file = "regex-2021.3.17-cp36-cp36m-manylinux2014_aarch64.whl", hash = "sha256:4651f839dbde0816798e698626af6a2469eee6d9964824bb5386091255a1694f"},
    {file = "regex-2021.3.17-cp36-cp36m-manylinux2014_i686.whl", hash = "sha256:39c44532d0e4f1639a89e52355b949573e1e2c5116106a395642cbbae0ff9bcd"},
    {file = "regex-2021.3.17-cp36-cp36m-manylinux2014_x86_64.whl", hash = "sha256:3d9a7e215e02bd7646a91fb8bcba30bc55fd42a719d6b35cf80e5bae31d9134e"},
    {file = "regex-2021.3.17-cp36-cp36m-win32.whl", hash = "sha256:159fac1a4731409c830d32913f13f68346d6b8e39650ed5d704a9ce2f9ef9cb3"},
    {file = "regex-2021.3.17-cp36-cp36m-win_amd64.whl", hash = "sha256:13f50969028e81765ed2a1c5fcfdc246c245cf8d47986d5172e82ab1a0c42ee5"},
    {file = "regex-2021.3.17-cp37-cp37m-macosx_10_9_x86_64.whl", hash = "sha256:b9d8d286c53fe0cbc6d20bf3d583cabcd1499d89034524e3b94c93a5ab85ca90"},
    {file = "regex-2021.3.17-cp37-cp37m-manylinux1_i686.whl", hash = "sha256:201e2619a77b21a7780580ab7b5ce43835e242d3e20fef50f66a8df0542e437f"},
    {file = "regex-2021.3.17-cp37-cp37m-manylinux1_x86_64.whl", hash = "sha256:d47d359545b0ccad29d572ecd52c9da945de7cd6cf9c0cfcb0269f76d3555689"},
    {file = "regex-2021.3.17-cp37-cp37m-manylinux2010_i686.whl", hash = "sha256:ea2f41445852c660ba7c3ebf7d70b3779b20d9ca8ba54485a17740db49f46932"},
    {file = "regex-2021.3.17-cp37-cp37m-manylinux2010_x86_64.whl", hash = "sha256:486a5f8e11e1f5bbfcad87f7c7745eb14796642323e7e1829a331f87a713daaa"},
    {file = "regex-2021.3.17-cp37-cp37m-manylinux2014_aarch64.whl", hash = "sha256:18e25e0afe1cf0f62781a150c1454b2113785401ba285c745acf10c8ca8917df"},
    {file = "regex-2021.3.17-cp37-cp37m-manylinux2014_i686.whl", hash = "sha256:a2ee026f4156789df8644d23ef423e6194fad0bc53575534101bb1de5d67e8ce"},
    {file = "regex-2021.3.17-cp37-cp37m-manylinux2014_x86_64.whl", hash = "sha256:4c0788010a93ace8a174d73e7c6c9d3e6e3b7ad99a453c8ee8c975ddd9965643"},
    {file = "regex-2021.3.17-cp37-cp37m-win32.whl", hash = "sha256:575a832e09d237ae5fedb825a7a5bc6a116090dd57d6417d4f3b75121c73e3be"},
    {file = "regex-2021.3.17-cp37-cp37m-win_amd64.whl", hash = "sha256:8e65e3e4c6feadf6770e2ad89ad3deb524bcb03d8dc679f381d0568c024e0deb"},
    {file = "regex-2021.3.17-cp38-cp38-macosx_10_9_x86_64.whl", hash = "sha256:a0df9a0ad2aad49ea3c7f65edd2ffb3d5c59589b85992a6006354f6fb109bb18"},
    {file = "regex-2021.3.17-cp38-cp38-manylinux1_i686.whl", hash = "sha256:b98bc9db003f1079caf07b610377ed1ac2e2c11acc2bea4892e28cc5b509d8d5"},
    {file = "regex-2021.3.17-cp38-cp38-manylinux1_x86_64.whl", hash = "sha256:808404898e9a765e4058bf3d7607d0629000e0a14a6782ccbb089296b76fa8fe"},
    {file = "regex-2021.3.17-cp38-cp38-manylinux2010_i686.whl", hash = "sha256:5770a51180d85ea468234bc7987f5597803a4c3d7463e7323322fe4a1b181578"},
    {file = "regex-2021.3.17-cp38-cp38-manylinux2010_x86_64.whl", hash = "sha256:976a54d44fd043d958a69b18705a910a8376196c6b6ee5f2596ffc11bff4420d"},
    {file = "regex-2021.3.17-cp38-cp38-manylinux2014_aarch64.whl", hash = "sha256:63f3ca8451e5ff7133ffbec9eda641aeab2001be1a01878990f6c87e3c44b9d5"},
    {file = "regex-2021.3.17-cp38-cp38-manylinux2014_i686.whl", hash = "sha256:bcd945175c29a672f13fce13a11893556cd440e37c1b643d6eeab1988c8b209c"},
    {file = "regex-2021.3.17-cp38-cp38-manylinux2014_x86_64.whl", hash = "sha256:3d9356add82cff75413bec360c1eca3e58db4a9f5dafa1f19650958a81e3249d"},
    {file = "regex-2021.3.17-cp38-cp38-win32.whl", hash = "sha256:f5d0c921c99297354cecc5a416ee4280bd3f20fd81b9fb671ca6be71499c3fdf"},
    {file = "regex-2021.3.17-cp38-cp38-win_amd64.whl", hash = "sha256:14de88eda0976020528efc92d0a1f8830e2fb0de2ae6005a6fc4e062553031fa"},
    {file = "regex-2021.3.17-cp39-cp39-macosx_10_9_x86_64.whl", hash = "sha256:4c2e364491406b7888c2ad4428245fc56c327e34a5dfe58fd40df272b3c3dab3"},
    {file = "regex-2021.3.17-cp39-cp39-manylinux1_i686.whl", hash = "sha256:8bd4f91f3fb1c9b1380d6894bd5b4a519409135bec14c0c80151e58394a4e88a"},
    {file = "regex-2021.3.17-cp39-cp39-manylinux1_x86_64.whl", hash = "sha256:882f53afe31ef0425b405a3f601c0009b44206ea7f55ee1c606aad3cc213a52c"},
    {file = "regex-2021.3.17-cp39-cp39-manylinux2010_i686.whl", hash = "sha256:07ef35301b4484bce843831e7039a84e19d8d33b3f8b2f9aab86c376813d0139"},
    {file = "regex-2021.3.17-cp39-cp39-manylinux2010_x86_64.whl", hash = "sha256:360a01b5fa2ad35b3113ae0c07fb544ad180603fa3b1f074f52d98c1096fa15e"},
    {file = "regex-2021.3.17-cp39-cp39-manylinux2014_aarch64.whl", hash = "sha256:709f65bb2fa9825f09892617d01246002097f8f9b6dde8d1bb4083cf554701ba"},
    {file = "regex-2021.3.17-cp39-cp39-manylinux2014_i686.whl", hash = "sha256:c66221e947d7207457f8b6f42b12f613b09efa9669f65a587a2a71f6a0e4d106"},
    {file = "regex-2021.3.17-cp39-cp39-manylinux2014_x86_64.whl", hash = "sha256:c782da0e45aff131f0bed6e66fbcfa589ff2862fc719b83a88640daa01a5aff7"},
    {file = "regex-2021.3.17-cp39-cp39-win32.whl", hash = "sha256:dc9963aacb7da5177e40874585d7407c0f93fb9d7518ec58b86e562f633f36cd"},
    {file = "regex-2021.3.17-cp39-cp39-win_amd64.whl", hash = "sha256:a0d04128e005142260de3733591ddf476e4902c0c23c1af237d9acf3c96e1b38"},
    {file = "regex-2021.3.17.tar.gz", hash = "sha256:4b8a1fb724904139149a43e172850f35aa6ea97fb0545244dc0b805e0154ed68"},
]
requests = [
    {file = "requests-2.25.1-py2.py3-none-any.whl", hash = "sha256:c210084e36a42ae6b9219e00e48287def368a26d03a048ddad7bfee44f75871e"},
    {file = "requests-2.25.1.tar.gz", hash = "sha256:27973dd4a904a4f13b263a19c866c13b92a39ed1c964655f025f3f8d3d75b804"},
]
sacremoses = [
    {file = "sacremoses-0.0.43.tar.gz", hash = "sha256:123c1bf2664351fb05e16f87d3786dbe44a050cfd7b85161c09ad9a63a8e2948"},
]
six = [
    {file = "six-1.15.0-py2.py3-none-any.whl", hash = "sha256:8b74bedcbbbaca38ff6d7491d76f2b06b3592611af620f8426e82dddb04a5ced"},
    {file = "six-1.15.0.tar.gz", hash = "sha256:30639c035cdb23534cd4aa2dd52c3bf48f06e5f4a941509c8bafd8ce11080259"},
]
tokenizers = [
    {file = "tokenizers-0.10.1-cp35-cp35m-macosx_10_11_x86_64.whl", hash = "sha256:729954ba7f650a3965f1b3e481c57da1c372b9d3fe1d70b0a25c711543e48300"},
    {file = "tokenizers-0.10.1-cp35-cp35m-manylinux1_x86_64.whl", hash = "sha256:cd045b3b79e04c0278c3d5f02ca2bbab2fe351fdb489e8441b231da12bea41de"},
    {file = "tokenizers-0.10.1-cp35-cp35m-manylinux2010_x86_64.whl", hash = "sha256:290eceb99780d5ef5de89968bb6a9bcf912d6ea79578107e9c8bc1386f490389"},
    {file = "tokenizers-0.10.1-cp35-cp35m-manylinux2014_aarch64.whl", hash = "sha256:e035deb888de33bf7bce3f004c9f815090f74498fe867d8a4ce4d33964db4068"},
    {file = "tokenizers-0.10.1-cp35-cp35m-manylinux2014_ppc64le.whl", hash = "sha256:e380e87600430aa9e5b32757e3ffcfa25744ea14d010585d8ca817097bd1f4f7"},
    {file = "tokenizers-0.10.1-cp35-cp35m-manylinux2014_s390x.whl", hash = "sha256:99eb29009bb23548edd98f01fabb6df24c99ce55456f1c0910204996c7211920"},
    {file = "tokenizers-0.10.1-cp35-cp35m-win32.whl", hash = "sha256:eae53cbdd4ce50d7fe37e9d4e49019023205065ceac6f373bb656038937e42ec"},
    {file = "tokenizers-0.10.1-cp35-cp35m-win_amd64.whl", hash = "sha256:adb5566b37fae9a01bd6ecd86a85e71f421df4ab481822b9dd6dae446d6f37d1"},
    {file = "tokenizers-0.10.1-cp36-cp36m-macosx_10_11_x86_64.whl", hash = "sha256:8f5d2a1d6d4a502ead87af60aaec9fdd943e3f298dfa302fe139c0c357f553e5"},
    {file = "tokenizers-0.10.1-cp36-cp36m-manylinux1_x86_64.whl", hash = "sha256:6f9f5ac1a1c67dec947e0a28905ea017a826926faa9a827eff1792012632a2f5"},
    {file = "tokenizers-0.10.1-cp36-cp36m-manylinux2010_x86_64.whl", hash = "sha256:fecfcb95c23ce6ebb4834156e78cb6a4cf883b37102c8dd46bc8bd3b5244c3d5"},
    {file = "tokenizers-0.10.1-cp36-cp36m-manylinux2014_aarch64.whl", hash = "sha256:2ef2ac8e03b9cdc4b7d3be8a84dc411ce264abdb694cfc198e6ba9d22f5c1381"},
    {file = "tokenizers-0.10.1-cp36-cp36m-manylinux2014_ppc64le.whl", hash = "sha256:3da95c8f9bea55e261376972d0d461bd6a4bd02913c5b3942c087801c8631b65"},
    {file = "tokenizers-0.10.1-cp36-cp36m-manylinux2014_s390x.whl", hash = "sha256:a7a4c5c59f9896601467807a92b32eb64970b3210bed6d8f1e87c14f1da17496"},
    {file = "tokenizers-0.10.1-cp36-cp36m-win32.whl", hash = "sha256:9c4aedbd763dbf929a27073bb6e569bd454bf79c409f3f6920fa0f4db12abe51"},
    {file = "tokenizers-0.10.1-cp36-cp36m-win_amd64.whl", hash = "sha256:6b70f446bf57c4447d7a192ffaa4f5a883fee99524d76c694025ae05942065a1"},
    {file = "tokenizers-0.10.1-cp37-cp37m-macosx_10_11_x86_64.whl", hash = "sha256:917157a63c919c44888bf9d13f8aae43a8b409d1dba831caafd47b4aee0ea917"},
    {file = "tokenizers-0.10.1-cp37-cp37m-manylinux1_x86_64.whl", hash = "sha256:eea64d50897234f2df0301c53412d6dc5810688ad73b75e661e53fe698d33e71"},
    {file = "tokenizers-0.10.1-cp37-cp37m-manylinux2010_x86_64.whl", hash = "sha256:4f42453c86dcabbc3c19c3ec166d693843ffa80543982e3150209e3ca274a322"},
    {file = "tokenizers-0.10.1-cp37-cp37m-manylinux2014_aarch64.whl", hash = "sha256:57c37a312ba56060129f2ad075f852e83bae205df1a5f34db50e6da2e0432805"},
    {file = "tokenizers-0.10.1-cp37-cp37m-manylinux2014_ppc64le.whl", hash = "sha256:ed236e0ea8c3369cb3bb65a206c2b186e50a3779b03cfca1a92e0ce0b272caab"},
    {file = "tokenizers-0.10.1-cp37-cp37m-manylinux2014_s390x.whl", hash = "sha256:dd399f58c26d18d2ee6ffd647c5ec9365c910bed9004e5ddaea5842ff533bcec"},
    {file = "tokenizers-0.10.1-cp37-cp37m-win32.whl", hash = "sha256:1c5aef76b8c9f1fed979a1943cfde2a1707a396a24dc3c09d510e06b3b8a3f3d"},
    {file = "tokenizers-0.10.1-cp37-cp37m-win_amd64.whl", hash = "sha256:5dd957cfd1109e56ff895dfce14d1be16bd9399ce98999b60cf0e8e21243d34c"},
    {file = "tokenizers-0.10.1-cp38-cp38-macosx_10_11_x86_64.whl", hash = "sha256:d2bc2eab13002f06fb987be9d762654acf3c0909a7a8c4e822fe7ebaa7a2a09d"},
    {file = "tokenizers-0.10.1-cp38-cp38-manylinux1_x86_64.whl", hash = "sha256:95d59780e202abf43f150225dc1fd09ac67fb49cc8d93e437a27f3e4593fe64c"},
    {file = "tokenizers-0.10.1-cp38-cp38-manylinux2010_x86_64.whl", hash = "sha256:07e321f46df4ecf8f7919b260f67d4df18151e50eddfaaa8ef7ba80ed473a79a"},
    {file = "tokenizers-0.10.1-cp38-cp38-manylinux2014_aarch64.whl", hash = "sha256:60a2f5a33e7846817ce54a5ddd2f61108e95aaccf579caeaea0bba7b6a0a9222"},
    {file = "tokenizers-0.10.1-cp38-cp38-manylinux2014_ppc64le.whl", hash = "sha256:d212515cb0c44ef884009169fb9b7c6a3efa540b3fa497620a0915624a7d21b6"},
    {file = "tokenizers-0.10.1-cp38-cp38-manylinux2014_s390x.whl", hash = "sha256:069e30baedbfb098390e03af1701c95c87d024055c82842e4b2d699a0d49d3db"},
    {file = "tokenizers-0.10.1-cp38-cp38-win32.whl", hash = "sha256:3a343b703bd4e174de3b126702418c7924bd68a95a25b43cbb590d1c2e7a4034"},
    {file = "tokenizers-0.10.1-cp38-cp38-win_amd64.whl", hash = "sha256:62c21682a4a8dd8cc8eecf68d3a1c058b5c912f0b792a5e0507e0afd7524f56c"},
    {file = "tokenizers-0.10.1-cp39-cp39-macosx_10_11_x86_64.whl", hash = "sha256:eabea1bdf9d525ca316e72bfc94e41c8e9b42b8fe8e4cbd01d0a4f520e25276f"},
    {file = "tokenizers-0.10.1-cp39-cp39-manylinux1_x86_64.whl", hash = "sha256:2739e9d44cfbd9b3e4339a279e7037c572757763bb09faa9727ae35c93f79623"},
    {file = "tokenizers-0.10.1-cp39-cp39-manylinux2010_x86_64.whl", hash = "sha256:c96b0c985ab6073c901767df3d77e96dc208ab391ad94d5a0b9b5211d6e1729c"},
    {file = "tokenizers-0.10.1-cp39-cp39-manylinux2014_aarch64.whl", hash = "sha256:296c741df0ceec93946f030e6b94c6fa975f17823cdf0bdf0989654eee277b54"},
    {file = "tokenizers-0.10.1-cp39-cp39-manylinux2014_ppc64le.whl", hash = "sha256:f405c9f0c0f77f9f6500b7c8587eacc122d1a0256ff55bcbef219ed94201b8f8"},
    {file = "tokenizers-0.10.1-cp39-cp39-manylinux2014_s390x.whl", hash = "sha256:bcb2c07cc052f45419a1aac1bfef96de69cd0677c53f901f5dcba5bfa4361575"},
    {file = "tokenizers-0.10.1-cp39-cp39-win32.whl", hash = "sha256:484939ddea9689454156f4d2ee96032ebefddff1dc174caafa9a28c919f3c85d"},
    {file = "tokenizers-0.10.1-cp39-cp39-win_amd64.whl", hash = "sha256:3e7e526fafaae5d7360570be0ec6f1331e3e962bafa262f6a357ba6bd850f8df"},
    {file = "tokenizers-0.10.1.tar.gz", hash = "sha256:81c35b4bc9238c0b5d0af91a719e732a60ee0d87d8bf76615bfec8f3e3ba8f15"},
]
torch = [
    {file = "torch-1.8.0-cp36-cp36m-manylinux1_x86_64.whl", hash = "sha256:78b84115fd03f4587382a38b0da98cdd1827117806c80ebf97843a64213816cc"},
    {file = "torch-1.8.0-cp36-cp36m-manylinux2014_aarch64.whl", hash = "sha256:86f13f324fd87870bd0d37864f4f5814dc27f9e7ed9ea222f1cc7d7dc01a8ffe"},
    {file = "torch-1.8.0-cp36-cp36m-win_amd64.whl", hash = "sha256:394a99d777e487e773e0172cb0a0bce5b411e3090d89844e8dd55618be9bc970"},
    {file = "torch-1.8.0-cp36-none-macosx_10_9_x86_64.whl", hash = "sha256:229a8dc38059ef6c7171f3f4f49c51e8a3d9644ce6c32dcddd9f1bac888a78aa"},
    {file = "torch-1.8.0-cp37-cp37m-manylinux1_x86_64.whl", hash = "sha256:6ecdbd4494b4bf2d31a24ddfbdff32bd995389bc8662a454bd40d3e8ce202907"},
    {file = "torch-1.8.0-cp37-cp37m-manylinux2014_aarch64.whl", hash = "sha256:08aff0383e868f1e9882b732bbe6934defab690ad1745a03d5f1a150a4e1aeba"},
    {file = "torch-1.8.0-cp37-cp37m-win_amd64.whl", hash = "sha256:c87c7b0fd31c331968674cb73e82396a622b06a8e20425584922b767f2ffb259"},
    {file = "torch-1.8.0-cp37-none-macosx_10_9_x86_64.whl", hash = "sha256:b9d6c8c457b90b5167f3ab0bd1ff7193a06935533176bc6d41e1763d353e9740"},
    {file = "torch-1.8.0-cp38-cp38-manylinux1_x86_64.whl", hash = "sha256:fa1e391cca3937d5dea31f31a1a80a01bd4a8062c039448c254bbf5a58eb0787"},
    {file = "torch-1.8.0-cp38-cp38-manylinux2014_aarch64.whl", hash = "sha256:affef9bce6eed232308dd89d55d3a37a105f35460f4705375980d27154c51e24"},
    {file = "torch-1.8.0-cp38-cp38-win_amd64.whl", hash = "sha256:287a7677df844bf2c4425698fd6d9434065211219cd7fd96000ed981c4d92288"},
    {file = "torch-1.8.0-cp38-none-macosx_10_9_x86_64.whl", hash = "sha256:1b58f70c150e066bcd7401a3bdfad661a04244817a5dac9990b5367523887d3f"},
    {file = "torch-1.8.0-cp38-none-macosx_11_1_arm64.whl", hash = "sha256:923856c2e6e53d5a747d83ff40faadd791d27cea2fd881b8d6990ea269f47572"},
    {file = "torch-1.8.0-cp39-cp39-manylinux1_x86_64.whl", hash = "sha256:2318fac860ae73dc6486c0de2223674d9ef6139fc75f157af2bf8dce4fca5524"},
    {file = "torch-1.8.0-cp39-cp39-manylinux2014_aarch64.whl", hash = "sha256:05b114cb793816cd140794d5874f463972cb639f3b55d3a060f21fd066f5b629"},
    {file = "torch-1.8.0-cp39-cp39-win_amd64.whl", hash = "sha256:7438431e03af793979cb1a9b5dd9f399b38461748e9f21f60e36149ee215d751"},
    {file = "torch-1.8.0-cp39-none-macosx_10_9_x86_64.whl", hash = "sha256:d98d167994d2e30df61a98eaca1684c50761f096d7f76c0c99789ac8cea50b55"},
]
tqdm = [
    {file = "tqdm-4.59.0-py2.py3-none-any.whl", hash = "sha256:9fdf349068d047d4cfbe24862c425883af1db29bcddf4b0eeb2524f6fbdb23c7"},
    {file = "tqdm-4.59.0.tar.gz", hash = "sha256:d666ae29164da3e517fcf125e41d4fe96e5bb375cd87ff9763f6b38b5592fe33"},
]
transformers = [
    {file = "transformers-4.4.1-py3-none-any.whl", hash = "sha256:448ba33bb8be32429327c33c01e7b175bd2807beedc47d07e97582a0b8fb0723"},
    {file = "transformers-4.4.1.tar.gz", hash = "sha256:283cb146317215b504cbc3a874c8f3063fc50d466d81b7f9b30b77c578fb2233"},
]
typing-extensions = [
    {file = "typing_extensions-3.7.4.3-py2-none-any.whl", hash = "sha256:dafc7639cde7f1b6e1acc0f457842a83e722ccca8eef5270af2d74792619a89f"},
    {file = "typing_extensions-3.7.4.3-py3-none-any.whl", hash = "sha256:7cb407020f00f7bfc3cb3e7881628838e69d8f3fcab2f64742a5e76b2f841918"},
    {file = "typing_extensions-3.7.4.3.tar.gz", hash = "sha256:99d4073b617d30288f569d3f13d2bd7548c3a7e4c8de87db09a9d29bb3a4a60c"},
]
urllib3 = [
    {file = "urllib3-1.22-py2.py3-none-any.whl", hash = "sha256:06330f386d6e4b195fbfc736b297f58c5a892e4440e54d294d7004e3a9bbea1b"},
    {file = "urllib3-1.22.tar.gz", hash = "sha256:cc44da8e1145637334317feebd728bd869a35285b93cbb4cca2577da7e62db4f"},
]
zipp = [
    {file = "zipp-3.4.1-py3-none-any.whl", hash = "sha256:51cb66cc54621609dd593d1787f286ee42a5c0adbb4b29abea5a63edc3e03098"},
    {file = "zipp-3.4.1.tar.gz", hash = "sha256:3607921face881ba3e026887d8150cca609d517579abe052ac81fc5aeffdbd76"},
]
